
Microsoft Visual Studio Solution File, Format Version 12.00
# Visual Studio Version 16
VisualStudioVersion = 16.0.30517.126
MinimumVisualStudioVersion = 10.0.40219.1
Project("{FAE04EC0-301F-11D3-BF4B-00C04F79EFBC}") = "Tech-Journal-ConsoleApp", "Tech-Journal-ConsoleApp\Tech-Journal-ConsoleApp.csproj", "{CE665D55-6B11-4CA7-B575-A13A7EF48197}"
EndProject
Global
	GlobalSection(SolutionConfigurationPlatforms) = preSolution
		Debug|Any CPU = Debug|Any CPU
		Release|Any CPU = Release|Any CPU
	EndGlobalSection
	GlobalSection(ProjectConfigurationPlatforms) = postSolution
		{CE665D55-6B11-4CA7-B575-A13A7EF48197}.Debug|Any CPU.ActiveCfg = Debug|Any CPU
		{CE665D55-6B11-4CA7-B575-A13A7EF48197}.Debug|Any CPU.Build.0 = Debug|Any CPU
		{CE665D55-6B11-4CA7-B575-A13A7EF48197}.Release|Any CPU.ActiveCfg = Release|Any CPU
		{CE665D55-6B11-4CA7-B575-A13A7EF48197}.Release|Any CPU.Build.0 = Release|Any CPU
	EndGlobalSection
	GlobalSection(SolutionProperties) = preSolution
		HideSolutionNode = FALSE
	EndGlobalSection
	GlobalSection(ExtensibilityGlobals) = postSolution
		SolutionGuid = {3E06E75F-0B3E-40F1-A3D0-37AD81EFFA49}
	EndGlobalSection
EndGlobal
